Microsoft Visual Studio Solution File, Format Version 11.00
# Visual Studio 2010
Project("{FAE04EC0-301F-11D3-BF4B-00C04F79EFBC}") = "OpenSim", "OpenSim\Region\Application\OpenSim.csproj", "{AC9EB8AB-0000-0000-0000-000000000000}"
EndProject
Project("{FAE04EC0-301F-11D3-BF4B-00C04F79EFBC}") = "OpenSim.ApplicationPlugins.LoadRegions", "OpenSim\ApplicationPlugins\LoadRegions\OpenSim.ApplicationPlugins.LoadRegions.csproj", "{E4BEC9DC-0000-0000-0000-000000000000}"
EndProject
Project("{FAE04EC0-301F-11D3-BF4B-00C04F79EFBC}") = "OpenSim.ApplicationPlugins.RegionModulesController", "OpenSim\ApplicationPlugins\RegionModulesController\OpenSim.ApplicationPlugins.RegionModulesController.csproj", "{9EC3C654-0000-0000-0000-000000000000}"
EndProject
Project("{FAE04EC0-301F-11D3-BF4B-00C04F79EFBC}") = "OpenSim.ApplicationPlugins.RemoteController", "OpenSim\ApplicationPlugins\RemoteController\OpenSim.ApplicationPlugins.RemoteController.csproj", "{B6A4EEC3-0000-0000-0000-000000000000}"
EndProject
Project("{FAE04EC0-301F-11D3-BF4B-00C04F79EFBC}") = "OpenSim.ApplicationPlugins.Rest", "OpenSim\ApplicationPlugins\Rest\OpenSim.ApplicationPlugins.Rest.csproj", "{6C74BE73-0000-0000-0000-000000000000}"
EndProject
Project("{FAE04EC0-301F-11D3-BF4B-00C04F79EFBC}") = "OpenSim.ApplicationPlugins.Rest.Inventory", "OpenSim\ApplicationPlugins\Rest\Inventory\OpenSim.ApplicationPlugins.Rest.Inventory.csproj", "{19D434AB-0000-0000-0000-000000000000}"
EndProject
Project("{FAE04EC0-301F-11D3-BF4B-00C04F79EFBC}") = "OpenSim.ApplicationPlugins.Rest.Regions", "OpenSim\ApplicationPlugins\Rest\Regions\OpenSim.ApplicationPlugins.Rest.Regions.csproj", "{CFB325AE-0000-0000-0000-000000000000}"
EndProject
Project("{FAE04EC0-301F-11D3-BF4B-00C04F79EFBC}") = "OpenSim.Capabilities", "OpenSim\Capabilities\OpenSim.Capabilities.csproj", "{FF56527B-0000-0000-0000-000000000000}"
EndProject
Project("{FAE04EC0-301F-11D3-BF4B-00C04F79EFBC}") = "OpenSim.Capabilities.Handlers", "OpenSim\Capabilities\Handlers\OpenSim.Capabilities.Handlers.csproj", "{002BDDF6-0000-0000-0000-000000000000}"
EndProject
Project("{FAE04EC0-301F-11D3-BF4B-00C04F79EFBC}") = "OpenSim.Capabilities.Handlers.Tests", "OpenSim\Capabilities\Handlers\OpenSim.Capabilities.Handlers.Tests.csproj", "{507CDB79-0000-0000-0000-000000000000}"
EndProject
Project("{FAE04EC0-301F-11D3-BF4B-00C04F79EFBC}") = "OpenSim.ConsoleClient", "OpenSim\ConsoleClient\OpenSim.ConsoleClient.csproj", "{CB348113-0000-0000-0000-000000000000}"
EndProject
Project("{FAE04EC0-301F-11D3-BF4B-00C04F79EFBC}") = "OpenSim.Data", "OpenSim\Data\OpenSim.Data.csproj", "{7E218E2D-0000-0000-0000-000000000000}"
EndProject
Project("{FAE04EC0-301F-11D3-BF4B-00C04F79EFBC}") = "OpenSim.Data.MSSQL", "OpenSim\Data\MSSQL\OpenSim.Data.MSSQL.csproj", "{1E894AF3-0000-0000-0000-000000000000}"
EndProject
Project("{FAE04EC0-301F-11D3-BF4B-00C04F79EFBC}") = "OpenSim.Data.MySQL", "OpenSim\Data\MySQL\OpenSim.Data.MySQL.csproj", "{1E894ECD-0000-0000-0000-000000000000}"
EndProject
Project("{FAE04EC0-301F-11D3-BF4B-00C04F79EFBC}") = "OpenSim.Data.Null", "OpenSim\Data\Null\OpenSim.Data.Null.csproj", "{8D314DCC-0000-0000-0000-000000000000}"
EndProject
Project("{FAE04EC0-301F-11D3-BF4B-00C04F79EFBC}") = "OpenSim.Data.SQLite", "OpenSim\Data\SQLite\OpenSim.Data.SQLite.csproj", "{675096A5-0000-0000-0000-000000000000}"
EndProject
Project("{FAE04EC0-301F-11D3-BF4B-00C04F79EFBC}") = "OpenSim.Data.Tests", "OpenSim\Data\Tests\OpenSim.Data.Tests.csproj", "{37FD59A6-0000-0000-0000-000000000000}"
EndProject
Project("{FAE04EC0-301F-11D3-BF4B-00C04F79EFBC}") = "OpenSim.Framework", "OpenSim\Framework\OpenSim.Framework.csproj", "{BCCDBB55-0000-0000-0000-000000000000}"
EndProject
Project("{FAE04EC0-301F-11D3-BF4B-00C04F79EFBC}") = "OpenSim.Framework.AssetLoader.Filesystem", "OpenSim\Framework\AssetLoader\Filesystem\OpenSim.Framework.AssetLoader.Filesystem.csproj", "{384A4FAB-0000-0000-0000-000000000000}"
EndProject
Project("{FAE04EC0-301F-11D3-BF4B-00C04F79EFBC}") = "OpenSim.Framework.Communications", "OpenSim\Framework\Communications\OpenSim.Framework.Communications.csproj", "{663117AE-0000-0000-0000-000000000000}"
EndProject
Project("{FAE04EC0-301F-11D3-BF4B-00C04F79EFBC}") = "OpenSim.Framework.Configuration.HTTP", "OpenSim\Framework\Configuration\HTTP\OpenSim.Framework.Configuration.HTTP.csproj", "{604890B5-0000-0000-0000-000000000000}"
EndProject
Project("{FAE04EC0-301F-11D3-BF4B-00C04F79EFBC}") = "OpenSim.Framework.Configuration.XML", "OpenSim\Framework\Configuration\XML\OpenSim.Framework.Configuration.XML.csproj", "{8B8C8A90-0000-0000-0000-000000000000}"
EndProject
Project("{FAE04EC0-301F-11D3-BF4B-00C04F79EFBC}") = "OpenSim.Framework.Console", "OpenSim\Framework\Console\OpenSim.Framework.Console.csproj", "{0ED8EBE8-0000-0000-0000-000000000000}"
EndProject
Project("{FAE04EC0-301F-11D3-BF4B-00C04F79EFBC}") = "OpenSim.Framework.RegionLoader.Filesystem", "OpenSim\Framework\RegionLoader\Filesystem\OpenSim.Framework.RegionLoader.Filesystem.csproj", "{75D4AD13-0000-0000-0000-000000000000}"
EndProject
Project("{FAE04EC0-301F-11D3-BF4B-00C04F79EFBC}") = "OpenSim.Framework.RegionLoader.Web", "OpenSim\Framework\RegionLoader\Web\OpenSim.Framework.RegionLoader.Web.csproj", "{B75F4E8C-0000-0000-0000-000000000000}"
EndProject
Project("{FAE04EC0-301F-11D3-BF4B-00C04F79EFBC}") = "OpenSim.Framework.Serialization", "OpenSim\Framework\Serialization\OpenSim.Framework.Serialization.csproj", "{BD63E665-0000-0000-0000-000000000000}"
EndProject
Project("{FAE04EC0-301F-11D3-BF4B-00C04F79EFBC}") = "OpenSim.Framework.Serialization.Tests", "OpenSim\Framework\Serialization\Tests\OpenSim.Framework.Serialization.Tests.csproj", "{B3B5B07A-0000-0000-0000-000000000000}"
EndProject
Project("{FAE04EC0-301F-11D3-BF4B-00C04F79EFBC}") = "OpenSim.Framework.Servers", "OpenSim\Framework\Servers\OpenSim.Framework.Servers.csproj", "{726D540D-0000-0000-0000-000000000000}"
EndProject
Project("{FAE04EC0-301F-11D3-BF4B-00C04F79EFBC}") = "OpenSim.Framework.Servers.HttpServer", "OpenSim\Framework\Servers\HttpServer\OpenSim.Framework.Servers.HttpServer.csproj", "{159EC5C2-0000-0000-0000-000000000000}"
EndProject
Project("{FAE04EC0-301F-11D3-BF4B-00C04F79EFBC}") = "OpenSim.Framework.Servers.Tests", "OpenSim\Framework\Servers\Tests\OpenSim.Framework.Servers.Tests.csproj", "{743E90C2-0000-0000-0000-000000000000}"
EndProject
Project("{FAE04EC0-301F-11D3-BF4B-00C04F79EFBC}") = "OpenSim.Framework.Statistics", "OpenSim\Framework\Statistics\OpenSim.Framework.Statistics.csproj", "{9E387B00-0000-0000-0000-000000000000}"
EndProject
Project("{FAE04EC0-301F-11D3-BF4B-00C04F79EFBC}") = "OpenSim.Framework.Tests", "OpenSim\Framework\Tests\OpenSim.Framework.Tests.csproj", "{FA62D900-0000-0000-0000-000000000000}"
EndProject
Project("{FAE04EC0-301F-11D3-BF4B-00C04F79EFBC}") = "OpenSim.Region.ClientStack", "OpenSim\Region\ClientStack\OpenSim.Region.ClientStack.csproj", "{F6653B7E-0000-0000-0000-000000000000}"
EndProject
Project("{FAE04EC0-301F-11D3-BF4B-00C04F79EFBC}") = "OpenSim.Region.ClientStack.LindenCaps", "OpenSim\Region\ClientStack\Linden\Caps\OpenSim.Region.ClientStack.LindenCaps.csproj", "{574BCA63-0000-0000-0000-000000000000}"
EndProject
Project("{FAE04EC0-301F-11D3-BF4B-00C04F79EFBC}") = "OpenSim.Region.ClientStack.LindenCaps.Tests", "OpenSim\Region\ClientStack\Linden\Caps\OpenSim.Region.ClientStack.LindenCaps.Tests.csproj", "{A461C3AC-0000-0000-0000-000000000000}"
EndProject
Project("{FAE04EC0-301F-11D3-BF4B-00C04F79EFBC}") = "OpenSim.Region.ClientStack.LindenUDP", "OpenSim\Region\ClientStack\Linden\UDP\OpenSim.Region.ClientStack.LindenUDP.csproj", "{E7F1E4AB-0000-0000-0000-000000000000}"
EndProject
Project("{FAE04EC0-301F-11D3-BF4B-00C04F79EFBC}") = "OpenSim.Region.ClientStack.LindenUDP.Tests", "OpenSim\Region\ClientStack\Linden\UDP\Tests\OpenSim.Region.ClientStack.LindenUDP.Tests.csproj", "{6E5280E2-0000-0000-0000-000000000000}"
EndProject
Project("{FAE04EC0-301F-11D3-BF4B-00C04F79EFBC}") = "OpenSim.Region.CoreModules", "OpenSim\Region\CoreModules\OpenSim.Region.CoreModules.csproj", "{B60B8DCD-0000-0000-0000-000000000000}"
EndProject
Project("{FAE04EC0-301F-11D3-BF4B-00C04F79EFBC}") = "OpenSim.Region.CoreModules.Tests", "OpenSim\Region\CoreModules\OpenSim.Region.CoreModules.Tests.csproj", "{3B99D6D0-0000-0000-0000-000000000000}"
EndProject
Project("{FAE04EC0-301F-11D3-BF4B-00C04F79EFBC}") = "OpenSim.Region.DataSnapshot", "OpenSim\Region\DataSnapshot\OpenSim.Region.DataSnapshot.csproj", "{B28F08C7-0000-0000-0000-000000000000}"
EndProject
Project("{FAE04EC0-301F-11D3-BF4B-00C04F79EFBC}") = "OpenSim.Region.Framework", "OpenSim\Region\Framework\OpenSim.Region.Framework.csproj", "{C98F6D97-0000-0000-0000-000000000000}"
EndProject
Project("{FAE04EC0-301F-11D3-BF4B-00C04F79EFBC}") = "OpenSim.Region.Framework.Tests", "OpenSim\Region\Framework\OpenSim.Region.Framework.Tests.csproj", "{BEF3BCBC-0000-0000-0000-000000000000}"
EndProject
Project("{FAE04EC0-301F-11D3-BF4B-00C04F79EFBC}") = "OpenSim.Region.OptionalModules", "OpenSim\Region\OptionalModules\OpenSim.Region.OptionalModules.csproj", "{BAF8E8F2-0000-0000-0000-000000000000}"
EndProject
Project("{FAE04EC0-301F-11D3-BF4B-00C04F79EFBC}") = "OpenSim.Region.OptionalModules.Tests", "OpenSim\Region\OptionalModules\OpenSim.Region.OptionalModules.Tests.csproj", "{DFB5A38B-0000-0000-0000-000000000000}"
EndProject
Project("{FAE04EC0-301F-11D3-BF4B-00C04F79EFBC}") = "OpenSim.Region.Physics.BasicPhysicsPlugin", "OpenSim\Region\Physics\BasicPhysicsPlugin\OpenSim.Region.Physics.BasicPhysicsPlugin.csproj", "{99BF4264-0000-0000-0000-000000000000}"
EndProject
Project("{FAE04EC0-301F-11D3-BF4B-00C04F79EFBC}") = "OpenSim.Region.Physics.BulletSPlugin", "OpenSim\Region\Physics\BulletSPlugin\OpenSim.Region.Physics.BulletSPlugin.csproj", "{ED0C3602-0000-0000-0000-000000000000}"
EndProject
Project("{FAE04EC0-301F-11D3-BF4B-00C04F79EFBC}") = "OpenSim.Region.Physics.ConvexDecompositionDotNet", "OpenSim\Region\Physics\ConvexDecompositionDotNet\OpenSim.Region.Physics.ConvexDecompositionDotNet.csproj", "{405EC0BC-0000-0000-0000-000000000000}"
EndProject
Project("{FAE04EC0-301F-11D3-BF4B-00C04F79EFBC}") = "OpenSim.Region.Physics.Manager", "OpenSim\Region\Physics\Manager\OpenSim.Region.Physics.Manager.csproj", "{FDCF8D3D-0000-0000-0000-000000000000}"
EndProject
Project("{FAE04EC0-301F-11D3-BF4B-00C04F79EFBC}") = "OpenSim.Region.Physics.Meshing", "OpenSim\Region\Physics\Meshing\OpenSim.Region.Physics.Meshing.csproj", "{3C65EEA1-0000-0000-0000-000000000000}"
EndProject
Project("{FAE04EC0-301F-11D3-BF4B-00C04F79EFBC}") = "OpenSim.Region.Physics.OdePlugin", "OpenSim\Region\Physics\OdePlugin\OpenSim.Region.Physics.OdePlugin.csproj", "{388A2185-0000-0000-0000-000000000000}"
EndProject
Project("{FAE04EC0-301F-11D3-BF4B-00C04F79EFBC}") = "OpenSim.Region.Physics.OdePlugin.Tests", "OpenSim\Region\Physics\OdePlugin\Tests\OpenSim.Region.Physics.OdePlugin.Tests.csproj", "{DEE69092-0000-0000-0000-000000000000}"
EndProject
Project("{FAE04EC0-301F-11D3-BF4B-00C04F79EFBC}") = "OpenSim.Region.Physics.POSPlugin", "OpenSim\Region\Physics\POSPlugin\OpenSim.Region.Physics.POSPlugin.csproj", "{DED338E7-0000-0000-0000-000000000000}"
EndProject
Project("{FAE04EC0-301F-11D3-BF4B-00C04F79EFBC}") = "OpenSim.Region.RegionCombinerModule", "OpenSim\Region\RegionCombinerModule\OpenSim.Region.RegionCombinerModule.csproj", "{751E8118-0000-0000-0000-000000000000}"
EndProject
Project("{FAE04EC0-301F-11D3-BF4B-00C04F79EFBC}") = "OpenSim.Region.ScriptEngine.Shared", "OpenSim\Region\ScriptEngine\Shared\OpenSim.Region.ScriptEngine.Shared.csproj", "{F93F91AD-0000-0000-0000-000000000000}"
EndProject
Project("{FAE04EC0-301F-11D3-BF4B-00C04F79EFBC}") = "OpenSim.Region.ScriptEngine.Shared.Api", "OpenSim\Region\ScriptEngine\Shared\Api\Implementation\OpenSim.Region.ScriptEngine.Shared.Api.csproj", "{C18E3417-0000-0000-0000-000000000000}"
EndProject
Project("{FAE04EC0-301F-11D3-BF4B-00C04F79EFBC}") = "OpenSim.Region.ScriptEngine.Shared.Api.Runtime", "OpenSim\Region\ScriptEngine\Shared\Api\Runtime\OpenSim.Region.ScriptEngine.Shared.Api.Runtime.csproj", "{FC92C9C9-0000-0000-0000-000000000000}"
EndProject
Project("{FAE04EC0-301F-11D3-BF4B-00C04F79EFBC}") = "OpenSim.Region.ScriptEngine.Shared.CodeTools", "OpenSim\Region\ScriptEngine\Shared\CodeTools\OpenSim.Region.ScriptEngine.Shared.CodeTools.csproj", "{1A7CAB35-0000-0000-0000-000000000000}"
EndProject
Project("{FAE04EC0-301F-11D3-BF4B-00C04F79EFBC}") = "OpenSim.Region.ScriptEngine.Shared.Instance", "OpenSim\Region\ScriptEngine\Shared\Instance\OpenSim.Region.ScriptEngine.Shared.Instance.csproj", "{B185E548-0000-0000-0000-000000000000}"
EndProject
Project("{FAE04EC0-301F-11D3-BF4B-00C04F79EFBC}") = "OpenSim.Region.ScriptEngine.Shared.YieldProlog", "OpenSim\Region\ScriptEngine\Shared\Api\Runtime\YieldProlog\OpenSim.Region.ScriptEngine.Shared.YieldProlog.csproj", "{774B358F-0000-0000-0000-000000000000}"
EndProject
Project("{FAE04EC0-301F-11D3-BF4B-00C04F79EFBC}") = "OpenSim.Region.ScriptEngine.Tests", "OpenSim\Region\ScriptEngine\OpenSim.Region.ScriptEngine.Tests.csproj", "{CBDD2219-0000-0000-0000-000000000000}"
EndProject
Project("{FAE04EC0-301F-11D3-BF4B-00C04F79EFBC}") = "OpenSim.Region.ScriptEngine.XEngine", "OpenSim\Region\ScriptEngine\XEngine\OpenSim.Region.ScriptEngine.XEngine.csproj", "{798F0488-0000-0000-0000-000000000000}"
EndProject
Project("{FAE04EC0-301F-11D3-BF4B-00C04F79EFBC}") = "OpenSim.Region.UserStatistics", "OpenSim\Region\UserStatistics\OpenSim.Region.UserStatistics.csproj", "{8DCA9CF7-0000-0000-0000-000000000000}"
EndProject
Project("{FAE04EC0-301F-11D3-BF4B-00C04F79EFBC}") = "OpenSim.Server.Base", "OpenSim\Server\Base\OpenSim.Server.Base.csproj", "{2E0569BB-0000-0000-0000-000000000000}"
EndProject
Project("{FAE04EC0-301F-11D3-BF4B-00C04F79EFBC}") = "OpenSim.Server.Handlers", "OpenSim\Server\Handlers\OpenSim.Server.Handlers.csproj", "{ED041501-0000-0000-0000-000000000000}"
EndProject
Project("{FAE04EC0-301F-11D3-BF4B-00C04F79EFBC}") = "OpenSim.Services.AssetService", "OpenSim\Services\AssetService\OpenSim.Services.AssetService.csproj", "{7FDD1B76-0000-0000-0000-000000000000}"
EndProject
Project("{FAE04EC0-301F-11D3-BF4B-00C04F79EFBC}") = "OpenSim.Services.AuthenticationService", "OpenSim\Services\AuthenticationService\OpenSim.Services.AuthenticationService.csproj", "{76495B84-0000-0000-0000-000000000000}"
EndProject
Project("{FAE04EC0-301F-11D3-BF4B-00C04F79EFBC}") = "OpenSim.Services.AuthorizationService", "OpenSim\Services\AuthorizationService\OpenSim.Services.AuthorizationService.csproj", "{60CDDAF3-0000-0000-0000-000000000000}"
EndProject
Project("{FAE04EC0-301F-11D3-BF4B-00C04F79EFBC}") = "OpenSim.Services.AvatarService", "OpenSim\Services\AvatarService\OpenSim.Services.AvatarService.csproj", "{77095B91-0000-0000-0000-000000000000}"
EndProject
Project("{FAE04EC0-301F-11D3-BF4B-00C04F79EFBC}") = "OpenSim.Services.Base", "OpenSim\Services\Base\OpenSim.Services.Base.csproj", "{A54AE47C-0000-0000-0000-000000000000}"
EndProject
Project("{FAE04EC0-301F-11D3-BF4B-00C04F79EFBC}") = "OpenSim.Services.Connectors", "OpenSim\Services\Connectors\OpenSim.Services.Connectors.csproj", "{B16DF9C1-0000-0000-0000-000000000000}"
EndProject
Project("{FAE04EC0-301F-11D3-BF4B-00C04F79EFBC}") = "OpenSim.Services.FreeswitchService", "OpenSim\Services\FreeswitchService\OpenSim.Services.FreeswitchService.csproj", "{78D8DF46-0000-0000-0000-000000000000}"
EndProject
Project("{FAE04EC0-301F-11D3-BF4B-00C04F79EFBC}") = "OpenSim.Services.FriendsService", "OpenSim\Services\Friends\OpenSim.Services.FriendsService.csproj", "{CDF575DD-0000-0000-0000-000000000000}"
EndProject
Project("{FAE04EC0-301F-11D3-BF4B-00C04F79EFBC}") = "OpenSim.Services.GridService", "OpenSim\Services\GridService\OpenSim.Services.GridService.csproj", "{D3312580-0000-0000-0000-000000000000}"
EndProject
Project("{FAE04EC0-301F-11D3-BF4B-00C04F79EFBC}") = "OpenSim.Services.HypergridService", "OpenSim\Services\HypergridService\OpenSim.Services.HypergridService.csproj", "{CD92222C-0000-0000-0000-000000000000}"
EndProject
Project("{FAE04EC0-301F-11D3-BF4B-00C04F79EFBC}") = "OpenSim.Services.Interfaces", "OpenSim\Services\Interfaces\OpenSim.Services.Interfaces.csproj", "{08ECE473-0000-0000-0000-000000000000}"
EndProject
Project("{FAE04EC0-301F-11D3-BF4B-00C04F79EFBC}") = "OpenSim.Services.InventoryService", "OpenSim\Services\InventoryService\OpenSim.Services.InventoryService.csproj", "{0066981A-0000-0000-0000-000000000000}"
EndProject
Project("{FAE04EC0-301F-11D3-BF4B-00C04F79EFBC}") = "OpenSim.Services.LLLoginService", "OpenSim\Services\LLLoginService\OpenSim.Services.LLLoginService.csproj", "{84F83E53-0000-0000-0000-000000000000}"
EndProject
Project("{FAE04EC0-301F-11D3-BF4B-00C04F79EFBC}") = "OpenSim.Services.MapImageService", "OpenSim\Services\MapImageService\OpenSim.Services.MapImageService.csproj", "{B03715E7-0000-0000-0000-000000000000}"
EndProject
Project("{FAE04EC0-301F-11D3-BF4B-00C04F79EFBC}") = "OpenSim.Services.PresenceService", "OpenSim\Services\PresenceService\OpenSim.Services.PresenceService.csproj", "{9A29E8CD-0000-0000-0000-000000000000}"
EndProject
Project("{FAE04EC0-301F-11D3-BF4B-00C04F79EFBC}") = "OpenSim.Services.UserAccountService", "OpenSim\Services\UserAccountService\OpenSim.Services.UserAccountService.csproj", "{C87C3128-0000-0000-0000-000000000000}"
EndProject
Project("{FAE04EC0-301F-11D3-BF4B-00C04F79EFBC}") = "OpenSim.Tests", "OpenSim\Tests\OpenSim.Tests.csproj", "{CCCB2DA6-0000-0000-0000-000000000000}"
EndProject
Project("{FAE04EC0-301F-11D3-BF4B-00C04F79EFBC}") = "OpenSim.Tests.Clients.GridClient", "OpenSim\Tests\Clients\Grid\OpenSim.Tests.Clients.GridClient.csproj", "{8C9F71DF-0000-0000-0000-000000000000}"
EndProject
Project("{FAE04EC0-301F-11D3-BF4B-00C04F79EFBC}") = "OpenSim.Tests.Clients.InstantantMessage", "OpenSim\Tests\Clients\InstantMessage\OpenSim.Tests.Clients.InstantantMessage.csproj", "{8DDB3A29-0000-0000-0000-000000000000}"
EndProject
Project("{FAE04EC0-301F-11D3-BF4B-00C04F79EFBC}") = "OpenSim.Tests.Clients.PresenceClient", "OpenSim\Tests\Clients\Presence\OpenSim.Tests.Clients.PresenceClient.csproj", "{C5EBC988-0000-0000-0000-000000000000}"
EndProject
Project("{FAE04EC0-301F-11D3-BF4B-00C04F79EFBC}") = "OpenSim.Tests.Clients.UserAccountClient", "OpenSim\Tests\Clients\UserAccounts\OpenSim.Tests.Clients.UserAccountClient.csproj", "{52A22AAF-0000-0000-0000-000000000000}"
EndProject
Project("{FAE04EC0-301F-11D3-BF4B-00C04F79EFBC}") = "OpenSim.Tests.Common", "OpenSim\Tests\Common\OpenSim.Tests.Common.csproj", "{CC43930F-0000-0000-0000-000000000000}"
EndProject
Project("{FAE04EC0-301F-11D3-BF4B-00C04F79EFBC}") = "OpenSim.Tests.Torture", "OpenSim\Tests\Torture\OpenSim.Tests.Torture.csproj", "{8F686A05-0000-0000-0000-000000000000}"
EndProject
Project("{FAE04EC0-301F-11D3-BF4B-00C04F79EFBC}") = "OpenSim.Tools.Configger", "OpenSim\Tools\Configger\OpenSim.Tools.Configger.csproj", "{2F0C334A-0000-0000-0000-000000000000}"
EndProject
Project("{FAE04EC0-301F-11D3-BF4B-00C04F79EFBC}") = "OpenSim.Tools.lslc", "OpenSim\Tools\Compiler\OpenSim.Tools.lslc.csproj", "{12EC22DE-0000-0000-0000-000000000000}"
EndProject
Project("{FAE04EC0-301F-11D3-BF4B-00C04F79EFBC}") = "pCampBot", "OpenSim\Tools\pCampBot\pCampBot.csproj", "{AF52AEDC-0000-0000-0000-000000000000}"
EndProject
Project("{FAE04EC0-301F-11D3-BF4B-00C04F79EFBC}") = "Robust", "OpenSim\Server\Robust.csproj", "{6E64F01D-0000-0000-0000-000000000000}"
EndProject
Project("{FAE04EC0-301F-11D3-BF4B-00C04F79EFBC}") = "SmartThreadPool", "ThirdParty\SmartThreadPool\SmartThreadPool.csproj", "{8C618053-0000-0000-0000-000000000000}"
EndProject
Global
	GlobalSection(SolutionConfigurationPlatforms) = preSolution
		Debug|Any CPU = Debug|Any CPU
		Release|Any CPU = Release|Any CPU
	EndGlobalSection
	GlobalSection(ProjectConfigurationPlatforms) = postSolution
		{AC9EB8AB-0000-0000-0000-000000000000}.Debug|Any CPU.ActiveCfg = Debug|Any CPU
		{AC9EB8AB-0000-0000-0000-000000000000}.Debug|Any CPU.Build.0 = Debug|Any CPU
		{AC9EB8AB-0000-0000-0000-000000000000}.Release|Any CPU.ActiveCfg = Release|Any CPU
		{AC9EB8AB-0000-0000-0000-000000000000}.Release|Any CPU.Build.0 = Release|Any CPU
		{E4BEC9DC-0000-0000-0000-000000000000}.Debug|Any CPU.ActiveCfg = Debug|Any CPU
		{E4BEC9DC-0000-0000-0000-000000000000}.Debug|Any CPU.Build.0 = Debug|Any CPU
		{E4BEC9DC-0000-0000-0000-000000000000}.Release|Any CPU.ActiveCfg = Release|Any CPU
		{E4BEC9DC-0000-0000-0000-000000000000}.Release|Any CPU.Build.0 = Release|Any CPU
		{9EC3C654-0000-0000-0000-000000000000}.Debug|Any CPU.ActiveCfg = Debug|Any CPU
		{9EC3C654-0000-0000-0000-000000000000}.Debug|Any CPU.Build.0 = Debug|Any CPU
		{9EC3C654-0000-0000-0000-000000000000}.Release|Any CPU.ActiveCfg = Release|Any CPU
		{9EC3C654-0000-0000-0000-000000000000}.Release|Any CPU.Build.0 = Release|Any CPU
		{B6A4EEC3-0000-0000-0000-000000000000}.Debug|Any CPU.ActiveCfg = Debug|Any CPU
		{B6A4EEC3-0000-0000-0000-000000000000}.Debug|Any CPU.Build.0 = Debug|Any CPU
		{B6A4EEC3-0000-0000-0000-000000000000}.Release|Any CPU.ActiveCfg = Release|Any CPU
		{B6A4EEC3-0000-0000-0000-000000000000}.Release|Any CPU.Build.0 = Release|Any CPU
		{6C74BE73-0000-0000-0000-000000000000}.Debug|Any CPU.ActiveCfg = Debug|Any CPU
		{6C74BE73-0000-0000-0000-000000000000}.Debug|Any CPU.Build.0 = Debug|Any CPU
		{6C74BE73-0000-0000-0000-000000000000}.Release|Any CPU.ActiveCfg = Release|Any CPU
		{6C74BE73-0000-0000-0000-000000000000}.Release|Any CPU.Build.0 = Release|Any CPU
		{19D434AB-0000-0000-0000-000000000000}.Debug|Any CPU.ActiveCfg = Debug|Any CPU
		{19D434AB-0000-0000-0000-000000000000}.Debug|Any CPU.Build.0 = Debug|Any CPU
		{19D434AB-0000-0000-0000-000000000000}.Release|Any CPU.ActiveCfg = Release|Any CPU
		{19D434AB-0000-0000-0000-000000000000}.Release|Any CPU.Build.0 = Release|Any CPU
		{CFB325AE-0000-0000-0000-000000000000}.Debug|Any CPU.ActiveCfg = Debug|Any CPU
		{CFB325AE-0000-0000-0000-000000000000}.Debug|Any CPU.Build.0 = Debug|Any CPU
		{CFB325AE-0000-0000-0000-000000000000}.Release|Any CPU.ActiveCfg = Release|Any CPU
		{CFB325AE-0000-0000-0000-000000000000}.Release|Any CPU.Build.0 = Release|Any CPU
		{FF56527B-0000-0000-0000-000000000000}.Debug|Any CPU.ActiveCfg = Debug|Any CPU
		{FF56527B-0000-0000-0000-000000000000}.Debug|Any CPU.Build.0 = Debug|Any CPU
		{FF56527B-0000-0000-0000-000000000000}.Release|Any CPU.ActiveCfg = Release|Any CPU
		{FF56527B-0000-0000-0000-000000000000}.Release|Any CPU.Build.0 = Release|Any CPU
		{002BDDF6-0000-0000-0000-000000000000}.Debug|Any CPU.ActiveCfg = Debug|Any CPU
		{002BDDF6-0000-0000-0000-000000000000}.Debug|Any CPU.Build.0 = Debug|Any CPU
		{002BDDF6-0000-0000-0000-000000000000}.Release|Any CPU.ActiveCfg = Release|Any CPU
		{002BDDF6-0000-0000-0000-000000000000}.Release|Any CPU.Build.0 = Release|Any CPU
		{507CDB79-0000-0000-0000-000000000000}.Debug|Any CPU.ActiveCfg = Debug|Any CPU
		{507CDB79-0000-0000-0000-000000000000}.Debug|Any CPU.Build.0 = Debug|Any CPU
		{507CDB79-0000-0000-0000-000000000000}.Release|Any CPU.ActiveCfg = Release|Any CPU
		{507CDB79-0000-0000-0000-000000000000}.Release|Any CPU.Build.0 = Release|Any CPU
		{CB348113-0000-0000-0000-000000000000}.Debug|Any CPU.ActiveCfg = Debug|Any CPU
		{CB348113-0000-0000-0000-000000000000}.Debug|Any CPU.Build.0 = Debug|Any CPU
		{CB348113-0000-0000-0000-000000000000}.Release|Any CPU.ActiveCfg = Release|Any CPU
		{CB348113-0000-0000-0000-000000000000}.Release|Any CPU.Build.0 = Release|Any CPU
		{7E218E2D-0000-0000-0000-000000000000}.Debug|Any CPU.ActiveCfg = Debug|Any CPU
		{7E218E2D-0000-0000-0000-000000000000}.Debug|Any CPU.Build.0 = Debug|Any CPU
		{7E218E2D-0000-0000-0000-000000000000}.Release|Any CPU.ActiveCfg = Release|Any CPU
		{7E218E2D-0000-0000-0000-000000000000}.Release|Any CPU.Build.0 = Release|Any CPU
		{1E894AF3-0000-0000-0000-000000000000}.Debug|Any CPU.ActiveCfg = Debug|Any CPU
		{1E894AF3-0000-0000-0000-000000000000}.Debug|Any CPU.Build.0 = Debug|Any CPU
		{1E894AF3-0000-0000-0000-000000000000}.Release|Any CPU.ActiveCfg = Release|Any CPU
		{1E894AF3-0000-0000-0000-000000000000}.Release|Any CPU.Build.0 = Release|Any CPU
		{1E894ECD-0000-0000-0000-000000000000}.Debug|Any CPU.ActiveCfg = Debug|Any CPU
		{1E894ECD-0000-0000-0000-000000000000}.Debug|Any CPU.Build.0 = Debug|Any CPU
		{1E894ECD-0000-0000-0000-000000000000}.Release|Any CPU.ActiveCfg = Release|Any CPU
		{1E894ECD-0000-0000-0000-000000000000}.Release|Any CPU.Build.0 = Release|Any CPU
		{8D314DCC-0000-0000-0000-000000000000}.Debug|Any CPU.ActiveCfg = Debug|Any CPU
		{8D314DCC-0000-0000-0000-000000000000}.Debug|Any CPU.Build.0 = Debug|Any CPU
		{8D314DCC-0000-0000-0000-000000000000}.Release|Any CPU.ActiveCfg = Release|Any CPU
		{8D314DCC-0000-0000-0000-000000000000}.Release|Any CPU.Build.0 = Release|Any CPU
		{675096A5-0000-0000-0000-000000000000}.Debug|Any CPU.ActiveCfg = Debug|Any CPU
		{675096A5-0000-0000-0000-000000000000}.Debug|Any CPU.Build.0 = Debug|Any CPU
		{675096A5-0000-0000-0000-000000000000}.Release|Any CPU.ActiveCfg = Release|Any CPU
		{675096A5-0000-0000-0000-000000000000}.Release|Any CPU.Build.0 = Release|Any CPU
		{37FD59A6-0000-0000-0000-000000000000}.Debug|Any CPU.ActiveCfg = Debug|Any CPU
		{37FD59A6-0000-0000-0000-000000000000}.Debug|Any CPU.Build.0 = Debug|Any CPU
		{37FD59A6-0000-0000-0000-000000000000}.Release|Any CPU.ActiveCfg = Release|Any CPU
		{37FD59A6-0000-0000-0000-000000000000}.Release|Any CPU.Build.0 = Release|Any CPU
		{BCCDBB55-0000-0000-0000-000000000000}.Debug|Any CPU.ActiveCfg = Debug|Any CPU
		{BCCDBB55-0000-0000-0000-000000000000}.Debug|Any CPU.Build.0 = Debug|Any CPU
		{BCCDBB55-0000-0000-0000-000000000000}.Release|Any CPU.ActiveCfg = Release|Any CPU
		{BCCDBB55-0000-0000-0000-000000000000}.Release|Any CPU.Build.0 = Release|Any CPU
		{384A4FAB-0000-0000-0000-000000000000}.Debug|Any CPU.ActiveCfg = Debug|Any CPU
		{384A4FAB-0000-0000-0000-000000000000}.Debug|Any CPU.Build.0 = Debug|Any CPU
		{384A4FAB-0000-0000-0000-000000000000}.Release|Any CPU.ActiveCfg = Release|Any CPU
		{384A4FAB-0000-0000-0000-000000000000}.Release|Any CPU.Build.0 = Release|Any CPU
		{663117AE-0000-0000-0000-000000000000}.Debug|Any CPU.ActiveCfg = Debug|Any CPU
		{663117AE-0000-0000-0000-000000000000}.Debug|Any CPU.Build.0 = Debug|Any CPU
		{663117AE-0000-0000-0000-000000000000}.Release|Any CPU.ActiveCfg = Release|Any CPU
		{663117AE-0000-0000-0000-000000000000}.Release|Any CPU.Build.0 = Release|Any CPU
		{604890B5-0000-0000-0000-000000000000}.Debug|Any CPU.ActiveCfg = Debug|Any CPU
		{604890B5-0000-0000-0000-000000000000}.Debug|Any CPU.Build.0 = Debug|Any CPU
		{604890B5-0000-0000-0000-000000000000}.Release|Any CPU.ActiveCfg = Release|Any CPU
		{604890B5-0000-0000-0000-000000000000}.Release|Any CPU.Build.0 = Release|Any CPU
		{8B8C8A90-0000-0000-0000-000000000000}.Debug|Any CPU.ActiveCfg = Debug|Any CPU
		{8B8C8A90-0000-0000-0000-000000000000}.Debug|Any CPU.Build.0 = Debug|Any CPU
		{8B8C8A90-0000-0000-0000-000000000000}.Release|Any CPU.ActiveCfg = Release|Any CPU
		{8B8C8A90-0000-0000-0000-000000000000}.Release|Any CPU.Build.0 = Release|Any CPU
		{0ED8EBE8-0000-0000-0000-000000000000}.Debug|Any CPU.ActiveCfg = Debug|Any CPU
		{0ED8EBE8-0000-0000-0000-000000000000}.Debug|Any CPU.Build.0 = Debug|Any CPU
		{0ED8EBE8-0000-0000-0000-000000000000}.Release|Any CPU.ActiveCfg = Release|Any CPU
		{0ED8EBE8-0000-0000-0000-000000000000}.Release|Any CPU.Build.0 = Release|Any CPU
		{75D4AD13-0000-0000-0000-000000000000}.Debug|Any CPU.ActiveCfg = Debug|Any CPU
		{75D4AD13-0000-0000-0000-000000000000}.Debug|Any CPU.Build.0 = Debug|Any CPU
		{75D4AD13-0000-0000-0000-000000000000}.Release|Any CPU.ActiveCfg = Release|Any CPU
		{75D4AD13-0000-0000-0000-000000000000}.Release|Any CPU.Build.0 = Release|Any CPU
		{B75F4E8C-0000-0000-0000-000000000000}.Debug|Any CPU.ActiveCfg = Debug|Any CPU
		{B75F4E8C-0000-0000-0000-000000000000}.Debug|Any CPU.Build.0 = Debug|Any CPU
		{B75F4E8C-0000-0000-0000-000000000000}.Release|Any CPU.ActiveCfg = Release|Any CPU
		{B75F4E8C-0000-0000-0000-000000000000}.Release|Any CPU.Build.0 = Release|Any CPU
		{BD63E665-0000-0000-0000-000000000000}.Debug|Any CPU.ActiveCfg = Debug|Any CPU
		{BD63E665-0000-0000-0000-000000000000}.Debug|Any CPU.Build.0 = Debug|Any CPU
		{BD63E665-0000-0000-0000-000000000000}.Release|Any CPU.ActiveCfg = Release|Any CPU
		{BD63E665-0000-0000-0000-000000000000}.Release|Any CPU.Build.0 = Release|Any CPU
		{B3B5B07A-0000-0000-0000-000000000000}.Debug|Any CPU.ActiveCfg = Debug|Any CPU
		{B3B5B07A-0000-0000-0000-000000000000}.Debug|Any CPU.Build.0 = Debug|Any CPU
		{B3B5B07A-0000-0000-0000-000000000000}.Release|Any CPU.ActiveCfg = Release|Any CPU
		{B3B5B07A-0000-0000-0000-000000000000}.Release|Any CPU.Build.0 = Release|Any CPU
		{726D540D-0000-0000-0000-000000000000}.Debug|Any CPU.ActiveCfg = Debug|Any CPU
		{726D540D-0000-0000-0000-000000000000}.Debug|Any CPU.Build.0 = Debug|Any CPU
		{726D540D-0000-0000-0000-000000000000}.Release|Any CPU.ActiveCfg = Release|Any CPU
		{726D540D-0000-0000-0000-000000000000}.Release|Any CPU.Build.0 = Release|Any CPU
		{159EC5C2-0000-0000-0000-000000000000}.Debug|Any CPU.ActiveCfg = Debug|Any CPU
		{159EC5C2-0000-0000-0000-000000000000}.Debug|Any CPU.Build.0 = Debug|Any CPU
		{159EC5C2-0000-0000-0000-000000000000}.Release|Any CPU.ActiveCfg = Release|Any CPU
		{159EC5C2-0000-0000-0000-000000000000}.Release|Any CPU.Build.0 = Release|Any CPU
		{743E90C2-0000-0000-0000-000000000000}.Debug|Any CPU.ActiveCfg = Debug|Any CPU
		{743E90C2-0000-0000-0000-000000000000}.Debug|Any CPU.Build.0 = Debug|Any CPU
		{743E90C2-0000-0000-0000-000000000000}.Release|Any CPU.ActiveCfg = Release|Any CPU
		{743E90C2-0000-0000-0000-000000000000}.Release|Any CPU.Build.0 = Release|Any CPU
		{9E387B00-0000-0000-0000-000000000000}.Debug|Any CPU.ActiveCfg = Debug|Any CPU
		{9E387B00-0000-0000-0000-000000000000}.Debug|Any CPU.Build.0 = Debug|Any CPU
		{9E387B00-0000-0000-0000-000000000000}.Release|Any CPU.ActiveCfg = Release|Any CPU
		{9E387B00-0000-0000-0000-000000000000}.Release|Any CPU.Build.0 = Release|Any CPU
		{FA62D900-0000-0000-0000-000000000000}.Debug|Any CPU.ActiveCfg = Debug|Any CPU
		{FA62D900-0000-0000-0000-000000000000}.Debug|Any CPU.Build.0 = Debug|Any CPU
		{FA62D900-0000-0000-0000-000000000000}.Release|Any CPU.ActiveCfg = Release|Any CPU
		{FA62D900-0000-0000-0000-000000000000}.Release|Any CPU.Build.0 = Release|Any CPU
		{F6653B7E-0000-0000-0000-000000000000}.Debug|Any CPU.ActiveCfg = Debug|Any CPU
		{F6653B7E-0000-0000-0000-000000000000}.Debug|Any CPU.Build.0 = Debug|Any CPU
		{F6653B7E-0000-0000-0000-000000000000}.Release|Any CPU.ActiveCfg = Release|Any CPU
		{F6653B7E-0000-0000-0000-000000000000}.Release|Any CPU.Build.0 = Release|Any CPU
		{574BCA63-0000-0000-0000-000000000000}.Debug|Any CPU.ActiveCfg = Debug|Any CPU
		{574BCA63-0000-0000-0000-000000000000}.Debug|Any CPU.Build.0 = Debug|Any CPU
		{574BCA63-0000-0000-0000-000000000000}.Release|Any CPU.ActiveCfg = Release|Any CPU
		{574BCA63-0000-0000-0000-000000000000}.Release|Any CPU.Build.0 = Release|Any CPU
		{A461C3AC-0000-0000-0000-000000000000}.Debug|Any CPU.ActiveCfg = Debug|Any CPU
		{A461C3AC-0000-0000-0000-000000000000}.Debug|Any CPU.Build.0 = Debug|Any CPU
		{A461C3AC-0000-0000-0000-000000000000}.Release|Any CPU.ActiveCfg = Release|Any CPU
		{A461C3AC-0000-0000-0000-000000000000}.Release|Any CPU.Build.0 = Release|Any CPU
		{E7F1E4AB-0000-0000-0000-000000000000}.Debug|Any CPU.ActiveCfg = Debug|Any CPU
		{E7F1E4AB-0000-0000-0000-000000000000}.Debug|Any CPU.Build.0 = Debug|Any CPU
		{E7F1E4AB-0000-0000-0000-000000000000}.Release|Any CPU.ActiveCfg = Release|Any CPU
		{E7F1E4AB-0000-0000-0000-000000000000}.Release|Any CPU.Build.0 = Release|Any CPU
		{6E5280E2-0000-0000-0000-000000000000}.Debug|Any CPU.ActiveCfg = Debug|Any CPU
		{6E5280E2-0000-0000-0000-000000000000}.Debug|Any CPU.Build.0 = Debug|Any CPU
		{6E5280E2-0000-0000-0000-000000000000}.Release|Any CPU.ActiveCfg = Release|Any CPU
		{6E5280E2-0000-0000-0000-000000000000}.Release|Any CPU.Build.0 = Release|Any CPU
		{B60B8DCD-0000-0000-0000-000000000000}.Debug|Any CPU.ActiveCfg = Debug|Any CPU
		{B60B8DCD-0000-0000-0000-000000000000}.Debug|Any CPU.Build.0 = Debug|Any CPU
		{B60B8DCD-0000-0000-0000-000000000000}.Release|Any CPU.ActiveCfg = Release|Any CPU
		{B60B8DCD-0000-0000-0000-000000000000}.Release|Any CPU.Build.0 = Release|Any CPU
		{3B99D6D0-0000-0000-0000-000000000000}.Debug|Any CPU.ActiveCfg = Debug|Any CPU
		{3B99D6D0-0000-0000-0000-000000000000}.Debug|Any CPU.Build.0 = Debug|Any CPU
		{3B99D6D0-0000-0000-0000-000000000000}.Release|Any CPU.ActiveCfg = Release|Any CPU
		{3B99D6D0-0000-0000-0000-000000000000}.Release|Any CPU.Build.0 = Release|Any CPU
		{B28F08C7-0000-0000-0000-000000000000}.Debug|Any CPU.ActiveCfg = Debug|Any CPU
		{B28F08C7-0000-0000-0000-000000000000}.Debug|Any CPU.Build.0 = Debug|Any CPU
		{B28F08C7-0000-0000-0000-000000000000}.Release|Any CPU.ActiveCfg = Release|Any CPU
		{B28F08C7-0000-0000-0000-000000000000}.Release|Any CPU.Build.0 = Release|Any CPU
		{C98F6D97-0000-0000-0000-000000000000}.Debug|Any CPU.ActiveCfg = Debug|Any CPU
		{C98F6D97-0000-0000-0000-000000000000}.Debug|Any CPU.Build.0 = Debug|Any CPU
		{C98F6D97-0000-0000-0000-000000000000}.Release|Any CPU.ActiveCfg = Release|Any CPU
		{C98F6D97-0000-0000-0000-000000000000}.Release|Any CPU.Build.0 = Release|Any CPU
		{BEF3BCBC-0000-0000-0000-000000000000}.Debug|Any CPU.ActiveCfg = Debug|Any CPU
		{BEF3BCBC-0000-0000-0000-000000000000}.Debug|Any CPU.Build.0 = Debug|Any CPU
		{BEF3BCBC-0000-0000-0000-000000000000}.Release|Any CPU.ActiveCfg = Release|Any CPU
		{BEF3BCBC-0000-0000-0000-000000000000}.Release|Any CPU.Build.0 = Release|Any CPU
		{BAF8E8F2-0000-0000-0000-000000000000}.Debug|Any CPU.ActiveCfg = Debug|Any CPU
		{BAF8E8F2-0000-0000-0000-000000000000}.Debug|Any CPU.Build.0 = Debug|Any CPU
		{BAF8E8F2-0000-0000-0000-000000000000}.Release|Any CPU.ActiveCfg = Release|Any CPU
		{BAF8E8F2-0000-0000-0000-000000000000}.Release|Any CPU.Build.0 = Release|Any CPU
		{DFB5A38B-0000-0000-0000-000000000000}.Debug|Any CPU.ActiveCfg = Debug|Any CPU
		{DFB5A38B-0000-0000-0000-000000000000}.Debug|Any CPU.Build.0 = Debug|Any CPU
		{DFB5A38B-0000-0000-0000-000000000000}.Release|Any CPU.ActiveCfg = Release|Any CPU
		{DFB5A38B-0000-0000-0000-000000000000}.Release|Any CPU.Build.0 = Release|Any CPU
		{99BF4264-0000-0000-0000-000000000000}.Debug|Any CPU.ActiveCfg = Debug|Any CPU
		{99BF4264-0000-0000-0000-000000000000}.Debug|Any CPU.Build.0 = Debug|Any CPU
		{99BF4264-0000-0000-0000-000000000000}.Release|Any CPU.ActiveCfg = Release|Any CPU
		{99BF4264-0000-0000-0000-000000000000}.Release|Any CPU.Build.0 = Release|Any CPU
		{ED0C3602-0000-0000-0000-000000000000}.Debug|Any CPU.ActiveCfg = Debug|Any CPU
		{ED0C3602-0000-0000-0000-000000000000}.Debug|Any CPU.Build.0 = Debug|Any CPU
		{ED0C3602-0000-0000-0000-000000000000}.Release|Any CPU.ActiveCfg = Release|Any CPU
		{ED0C3602-0000-0000-0000-000000000000}.Release|Any CPU.Build.0 = Release|Any CPU
		{405EC0BC-0000-0000-0000-000000000000}.Debug|Any CPU.ActiveCfg = Debug|Any CPU
		{405EC0BC-0000-0000-0000-000000000000}.Debug|Any CPU.Build.0 = Debug|Any CPU
		{405EC0BC-0000-0000-0000-000000000000}.Release|Any CPU.ActiveCfg = Release|Any CPU
		{405EC0BC-0000-0000-0000-000000000000}.Release|Any CPU.Build.0 = Release|Any CPU
		{FDCF8D3D-0000-0000-0000-000000000000}.Debug|Any CPU.ActiveCfg = Debug|Any CPU
		{FDCF8D3D-0000-0000-0000-000000000000}.Debug|Any CPU.Build.0 = Debug|Any CPU
		{FDCF8D3D-0000-0000-0000-000000000000}.Release|Any CPU.ActiveCfg = Release|Any CPU
		{FDCF8D3D-0000-0000-0000-000000000000}.Release|Any CPU.Build.0 = Release|Any CPU
		{3C65EEA1-0000-0000-0000-000000000000}.Debug|Any CPU.ActiveCfg = Debug|Any CPU
		{3C65EEA1-0000-0000-0000-000000000000}.Debug|Any CPU.Build.0 = Debug|Any CPU
		{3C65EEA1-0000-0000-0000-000000000000}.Release|Any CPU.ActiveCfg = Release|Any CPU
		{3C65EEA1-0000-0000-0000-000000000000}.Release|Any CPU.Build.0 = Release|Any CPU
		{388A2185-0000-0000-0000-000000000000}.Debug|Any CPU.ActiveCfg = Debug|Any CPU
		{388A2185-0000-0000-0000-000000000000}.Debug|Any CPU.Build.0 = Debug|Any CPU
		{388A2185-0000-0000-0000-000000000000}.Release|Any CPU.ActiveCfg = Release|Any CPU
		{388A2185-0000-0000-0000-000000000000}.Release|Any CPU.Build.0 = Release|Any CPU
		{DEE69092-0000-0000-0000-000000000000}.Debug|Any CPU.ActiveCfg = Debug|Any CPU
		{DEE69092-0000-0000-0000-000000000000}.Debug|Any CPU.Build.0 = Debug|Any CPU
		{DEE69092-0000-0000-0000-000000000000}.Release|Any CPU.ActiveCfg = Release|Any CPU
		{DEE69092-0000-0000-0000-000000000000}.Release|Any CPU.Build.0 = Release|Any CPU
		{DED338E7-0000-0000-0000-000000000000}.Debug|Any CPU.ActiveCfg = Debug|Any CPU
		{DED338E7-0000-0000-0000-000000000000}.Debug|Any CPU.Build.0 = Debug|Any CPU
		{DED338E7-0000-0000-0000-000000000000}.Release|Any CPU.ActiveCfg = Release|Any CPU
		{DED338E7-0000-0000-0000-000000000000}.Release|Any CPU.Build.0 = Release|Any CPU
		{751E8118-0000-0000-0000-000000000000}.Debug|Any CPU.ActiveCfg = Debug|Any CPU
		{751E8118-0000-0000-0000-000000000000}.Debug|Any CPU.Build.0 = Debug|Any CPU
		{751E8118-0000-0000-0000-000000000000}.Release|Any CPU.ActiveCfg = Release|Any CPU
		{751E8118-0000-0000-0000-000000000000}.Release|Any CPU.Build.0 = Release|Any CPU
		{F93F91AD-0000-0000-0000-000000000000}.Debug|Any CPU.ActiveCfg = Debug|Any CPU
		{F93F91AD-0000-0000-0000-000000000000}.Debug|Any CPU.Build.0 = Debug|Any CPU
		{F93F91AD-0000-0000-0000-000000000000}.Release|Any CPU.ActiveCfg = Release|Any CPU
		{F93F91AD-0000-0000-0000-000000000000}.Release|Any CPU.Build.0 = Release|Any CPU
		{C18E3417-0000-0000-0000-000000000000}.Debug|Any CPU.ActiveCfg = Debug|Any CPU
		{C18E3417-0000-0000-0000-000000000000}.Debug|Any CPU.Build.0 = Debug|Any CPU
		{C18E3417-0000-0000-0000-000000000000}.Release|Any CPU.ActiveCfg = Release|Any CPU
		{C18E3417-0000-0000-0000-000000000000}.Release|Any CPU.Build.0 = Release|Any CPU
		{FC92C9C9-0000-0000-0000-000000000000}.Debug|Any CPU.ActiveCfg = Debug|Any CPU
		{FC92C9C9-0000-0000-0000-000000000000}.Debug|Any CPU.Build.0 = Debug|Any CPU
		{FC92C9C9-0000-0000-0000-000000000000}.Release|Any CPU.ActiveCfg = Release|Any CPU
		{FC92C9C9-0000-0000-0000-000000000000}.Release|Any CPU.Build.0 = Release|Any CPU
		{1A7CAB35-0000-0000-0000-000000000000}.Debug|Any CPU.ActiveCfg = Debug|Any CPU
		{1A7CAB35-0000-0000-0000-000000000000}.Debug|Any CPU.Build.0 = Debug|Any CPU
		{1A7CAB35-0000-0000-0000-000000000000}.Release|Any CPU.ActiveCfg = Release|Any CPU
		{1A7CAB35-0000-0000-0000-000000000000}.Release|Any CPU.Build.0 = Release|Any CPU
		{B185E548-0000-0000-0000-000000000000}.Debug|Any CPU.ActiveCfg = Debug|Any CPU
		{B185E548-0000-0000-0000-000000000000}.Debug|Any CPU.Build.0 = Debug|Any CPU
		{B185E548-0000-0000-0000-000000000000}.Release|Any CPU.ActiveCfg = Release|Any CPU
		{B185E548-0000-0000-0000-000000000000}.Release|Any CPU.Build.0 = Release|Any CPU
		{774B358F-0000-0000-0000-000000000000}.Debug|Any CPU.ActiveCfg = Debug|Any CPU
		{774B358F-0000-0000-0000-000000000000}.Debug|Any CPU.Build.0 = Debug|Any CPU
		{774B358F-0000-0000-0000-000000000000}.Release|Any CPU.ActiveCfg = Release|Any CPU
		{774B358F-0000-0000-0000-000000000000}.Release|Any CPU.Build.0 = Release|Any CPU
		{CBDD2219-0000-0000-0000-000000000000}.Debug|Any CPU.ActiveCfg = Debug|Any CPU
		{CBDD2219-0000-0000-0000-000000000000}.Debug|Any CPU.Build.0 = Debug|Any CPU
		{CBDD2219-0000-0000-0000-000000000000}.Release|Any CPU.ActiveCfg = Release|Any CPU
		{CBDD2219-0000-0000-0000-000000000000}.Release|Any CPU.Build.0 = Release|Any CPU
		{798F0488-0000-0000-0000-000000000000}.Debug|Any CPU.ActiveCfg = Debug|Any CPU
		{798F0488-0000-0000-0000-000000000000}.Debug|Any CPU.Build.0 = Debug|Any CPU
		{798F0488-0000-0000-0000-000000000000}.Release|Any CPU.ActiveCfg = Release|Any CPU
		{798F0488-0000-0000-0000-000000000000}.Release|Any CPU.Build.0 = Release|Any CPU
		{8DCA9CF7-0000-0000-0000-000000000000}.Debug|Any CPU.ActiveCfg = Debug|Any CPU
		{8DCA9CF7-0000-0000-0000-000000000000}.Debug|Any CPU.Build.0 = Debug|Any CPU
		{8DCA9CF7-0000-0000-0000-000000000000}.Release|Any CPU.ActiveCfg = Release|Any CPU
		{8DCA9CF7-0000-0000-0000-000000000000}.Release|Any CPU.Build.0 = Release|Any CPU
		{2E0569BB-0000-0000-0000-000000000000}.Debug|Any CPU.ActiveCfg = Debug|Any CPU
		{2E0569BB-0000-0000-0000-000000000000}.Debug|Any CPU.Build.0 = Debug|Any CPU
		{2E0569BB-0000-0000-0000-000000000000}.Release|Any CPU.ActiveCfg = Release|Any CPU
		{2E0569BB-0000-0000-0000-000000000000}.Release|Any CPU.Build.0 = Release|Any CPU
		{ED041501-0000-0000-0000-000000000000}.Debug|Any CPU.ActiveCfg = Debug|Any CPU
		{ED041501-0000-0000-0000-000000000000}.Debug|Any CPU.Build.0 = Debug|Any CPU
		{ED041501-0000-0000-0000-000000000000}.Release|Any CPU.ActiveCfg = Release|Any CPU
		{ED041501-0000-0000-0000-000000000000}.Release|Any CPU.Build.0 = Release|Any CPU
		{7FDD1B76-0000-0000-0000-000000000000}.Debug|Any CPU.ActiveCfg = Debug|Any CPU
		{7FDD1B76-0000-0000-0000-000000000000}.Debug|Any CPU.Build.0 = Debug|Any CPU
		{7FDD1B76-0000-0000-0000-000000000000}.Release|Any CPU.ActiveCfg = Release|Any CPU
		{7FDD1B76-0000-0000-0000-000000000000}.Release|Any CPU.Build.0 = Release|Any CPU
		{76495B84-0000-0000-0000-000000000000}.Debug|Any CPU.ActiveCfg = Debug|Any CPU
		{76495B84-0000-0000-0000-000000000000}.Debug|Any CPU.Build.0 = Debug|Any CPU
		{76495B84-0000-0000-0000-000000000000}.Release|Any CPU.ActiveCfg = Release|Any CPU
		{76495B84-0000-0000-0000-000000000000}.Release|Any CPU.Build.0 = Release|Any CPU
		{60CDDAF3-0000-0000-0000-000000000000}.Debug|Any CPU.ActiveCfg = Debug|Any CPU
		{60CDDAF3-0000-0000-0000-000000000000}.Debug|Any CPU.Build.0 = Debug|Any CPU
		{60CDDAF3-0000-0000-0000-000000000000}.Release|Any CPU.ActiveCfg = Release|Any CPU
		{60CDDAF3-0000-0000-0000-000000000000}.Release|Any CPU.Build.0 = Release|Any CPU
		{77095B91-0000-0000-0000-000000000000}.Debug|Any CPU.ActiveCfg = Debug|Any CPU
		{77095B91-0000-0000-0000-000000000000}.Debug|Any CPU.Build.0 = Debug|Any CPU
		{77095B91-0000-0000-0000-000000000000}.Release|Any CPU.ActiveCfg = Release|Any CPU
		{77095B91-0000-0000-0000-000000000000}.Release|Any CPU.Build.0 = Release|Any CPU
		{A54AE47C-0000-0000-0000-000000000000}.Debug|Any CPU.ActiveCfg = Debug|Any CPU
		{A54AE47C-0000-0000-0000-000000000000}.Debug|Any CPU.Build.0 = Debug|Any CPU
		{A54AE47C-0000-0000-0000-000000000000}.Release|Any CPU.ActiveCfg = Release|Any CPU
		{A54AE47C-0000-0000-0000-000000000000}.Release|Any CPU.Build.0 = Release|Any CPU
		{B16DF9C1-0000-0000-0000-000000000000}.Debug|Any CPU.ActiveCfg = Debug|Any CPU
		{B16DF9C1-0000-0000-0000-000000000000}.Debug|Any CPU.Build.0 = Debug|Any CPU
		{B16DF9C1-0000-0000-0000-000000000000}.Release|Any CPU.ActiveCfg = Release|Any CPU
		{B16DF9C1-0000-0000-0000-000000000000}.Release|Any CPU.Build.0 = Release|Any CPU
		{78D8DF46-0000-0000-0000-000000000000}.Debug|Any CPU.ActiveCfg = Debug|Any CPU
		{78D8DF46-0000-0000-0000-000000000000}.Debug|Any CPU.Build.0 = Debug|Any CPU
		{78D8DF46-0000-0000-0000-000000000000}.Release|Any CPU.ActiveCfg = Release|Any CPU
		{78D8DF46-0000-0000-0000-000000000000}.Release|Any CPU.Build.0 = Release|Any CPU
		{CDF575DD-0000-0000-0000-000000000000}.Debug|Any CPU.ActiveCfg = Debug|Any CPU
		{CDF575DD-0000-0000-0000-000000000000}.Debug|Any CPU.Build.0 = Debug|Any CPU
		{CDF575DD-0000-0000-0000-000000000000}.Release|Any CPU.ActiveCfg = Release|Any CPU
		{CDF575DD-0000-0000-0000-000000000000}.Release|Any CPU.Build.0 = Release|Any CPU
		{D3312580-0000-0000-0000-000000000000}.Debug|Any CPU.ActiveCfg = Debug|Any CPU
		{D3312580-0000-0000-0000-000000000000}.Debug|Any CPU.Build.0 = Debug|Any CPU
		{D3312580-0000-0000-0000-000000000000}.Release|Any CPU.ActiveCfg = Release|Any CPU
		{D3312580-0000-0000-0000-000000000000}.Release|Any CPU.Build.0 = Release|Any CPU
		{CD92222C-0000-0000-0000-000000000000}.Debug|Any CPU.ActiveCfg = Debug|Any CPU
		{CD92222C-0000-0000-0000-000000000000}.Debug|Any CPU.Build.0 = Debug|Any CPU
		{CD92222C-0000-0000-0000-000000000000}.Release|Any CPU.ActiveCfg = Release|Any CPU
		{CD92222C-0000-0000-0000-000000000000}.Release|Any CPU.Build.0 = Release|Any CPU
		{08ECE473-0000-0000-0000-000000000000}.Debug|Any CPU.ActiveCfg = Debug|Any CPU
		{08ECE473-0000-0000-0000-000000000000}.Debug|Any CPU.Build.0 = Debug|Any CPU
		{08ECE473-0000-0000-0000-000000000000}.Release|Any CPU.ActiveCfg = Release|Any CPU
		{08ECE473-0000-0000-0000-000000000000}.Release|Any CPU.Build.0 = Release|Any CPU
		{0066981A-0000-0000-0000-000000000000}.Debug|Any CPU.ActiveCfg = Debug|Any CPU
		{0066981A-0000-0000-0000-000000000000}.Debug|Any CPU.Build.0 = Debug|Any CPU
		{0066981A-0000-0000-0000-000000000000}.Release|Any CPU.ActiveCfg = Release|Any CPU
		{0066981A-0000-0000-0000-000000000000}.Release|Any CPU.Build.0 = Release|Any CPU
		{84F83E53-0000-0000-0000-000000000000}.Debug|Any CPU.ActiveCfg = Debug|Any CPU
		{84F83E53-0000-0000-0000-000000000000}.Debug|Any CPU.Build.0 = Debug|Any CPU
		{84F83E53-0000-0000-0000-000000000000}.Release|Any CPU.ActiveCfg = Release|Any CPU
		{84F83E53-0000-0000-0000-000000000000}.Release|Any CPU.Build.0 = Release|Any CPU
		{B03715E7-0000-0000-0000-000000000000}.Debug|Any CPU.ActiveCfg = Debug|Any CPU
		{B03715E7-0000-0000-0000-000000000000}.Debug|Any CPU.Build.0 = Debug|Any CPU
		{B03715E7-0000-0000-0000-000000000000}.Release|Any CPU.ActiveCfg = Release|Any CPU
		{B03715E7-0000-0000-0000-000000000000}.Release|Any CPU.Build.0 = Release|Any CPU
		{9A29E8CD-0000-0000-0000-000000000000}.Debug|Any CPU.ActiveCfg = Debug|Any CPU
		{9A29E8CD-0000-0000-0000-000000000000}.Debug|Any CPU.Build.0 = Debug|Any CPU
		{9A29E8CD-0000-0000-0000-000000000000}.Release|Any CPU.ActiveCfg = Release|Any CPU
		{9A29E8CD-0000-0000-0000-000000000000}.Release|Any CPU.Build.0 = Release|Any CPU
		{C87C3128-0000-0000-0000-000000000000}.Debug|Any CPU.ActiveCfg = Debug|Any CPU
		{C87C3128-0000-0000-0000-000000000000}.Debug|Any CPU.Build.0 = Debug|Any CPU
		{C87C3128-0000-0000-0000-000000000000}.Release|Any CPU.ActiveCfg = Release|Any CPU
		{C87C3128-0000-0000-0000-000000000000}.Release|Any CPU.Build.0 = Release|Any CPU
		{CCCB2DA6-0000-0000-0000-000000000000}.Debug|Any CPU.ActiveCfg = Debug|Any CPU
		{CCCB2DA6-0000-0000-0000-000000000000}.Debug|Any CPU.Build.0 = Debug|Any CPU
		{CCCB2DA6-0000-0000-0000-000000000000}.Release|Any CPU.ActiveCfg = Release|Any CPU
		{CCCB2DA6-0000-0000-0000-000000000000}.Release|Any CPU.Build.0 = Release|Any CPU
		{8C9F71DF-0000-0000-0000-000000000000}.Debug|Any CPU.ActiveCfg = Debug|Any CPU
		{8C9F71DF-0000-0000-0000-000000000000}.Debug|Any CPU.Build.0 = Debug|Any CPU
		{8C9F71DF-0000-0000-0000-000000000000}.Release|Any CPU.ActiveCfg = Release|Any CPU
		{8C9F71DF-0000-0000-0000-000000000000}.Release|Any CPU.Build.0 = Release|Any CPU
		{8DDB3A29-0000-0000-0000-000000000000}.Debug|Any CPU.ActiveCfg = Debug|Any CPU
		{8DDB3A29-0000-0000-0000-000000000000}.Debug|Any CPU.Build.0 = Debug|Any CPU
		{8DDB3A29-0000-0000-0000-000000000000}.Release|Any CPU.ActiveCfg = Release|Any CPU
		{8DDB3A29-0000-0000-0000-000000000000}.Release|Any CPU.Build.0 = Release|Any CPU
		{C5EBC988-0000-0000-0000-000000000000}.Debug|Any CPU.ActiveCfg = Debug|Any CPU
		{C5EBC988-0000-0000-0000-000000000000}.Debug|Any CPU.Build.0 = Debug|Any CPU
		{C5EBC988-0000-0000-0000-000000000000}.Release|Any CPU.ActiveCfg = Release|Any CPU
		{C5EBC988-0000-0000-0000-000000000000}.Release|Any CPU.Build.0 = Release|Any CPU
		{52A22AAF-0000-0000-0000-000000000000}.Debug|Any CPU.ActiveCfg = Debug|Any CPU
		{52A22AAF-0000-0000-0000-000000000000}.Debug|Any CPU.Build.0 = Debug|Any CPU
		{52A22AAF-0000-0000-0000-000000000000}.Release|Any CPU.ActiveCfg = Release|Any CPU
		{52A22AAF-0000-0000-0000-000000000000}.Release|Any CPU.Build.0 = Release|Any CPU
		{CC43930F-0000-0000-0000-000000000000}.Debug|Any CPU.ActiveCfg = Debug|Any CPU
		{CC43930F-0000-0000-0000-000000000000}.Debug|Any CPU.Build.0 = Debug|Any CPU
		{CC43930F-0000-0000-0000-000000000000}.Release|Any CPU.ActiveCfg = Release|Any CPU
		{CC43930F-0000-0000-0000-000000000000}.Release|Any CPU.Build.0 = Release|Any CPU
		{8F686A05-0000-0000-0000-000000000000}.Debug|Any CPU.ActiveCfg = Debug|Any CPU
		{8F686A05-0000-0000-0000-000000000000}.Debug|Any CPU.Build.0 = Debug|Any CPU
		{8F686A05-0000-0000-0000-000000000000}.Release|Any CPU.ActiveCfg = Release|Any CPU
		{8F686A05-0000-0000-0000-000000000000}.Release|Any CPU.Build.0 = Release|Any CPU
		{2F0C334A-0000-0000-0000-000000000000}.Debug|Any CPU.ActiveCfg = Debug|Any CPU
		{2F0C334A-0000-0000-0000-000000000000}.Debug|Any CPU.Build.0 = Debug|Any CPU
		{2F0C334A-0000-0000-0000-000000000000}.Release|Any CPU.ActiveCfg = Release|Any CPU
		{2F0C334A-0000-0000-0000-000000000000}.Release|Any CPU.Build.0 = Release|Any CPU
		{12EC22DE-0000-0000-0000-000000000000}.Debug|Any CPU.ActiveCfg = Debug|Any CPU
		{12EC22DE-0000-0000-0000-000000000000}.Debug|Any CPU.Build.0 = Debug|Any CPU
		{12EC22DE-0000-0000-0000-000000000000}.Release|Any CPU.ActiveCfg = Release|Any CPU
		{12EC22DE-0000-0000-0000-000000000000}.Release|Any CPU.Build.0 = Release|Any CPU
		{AF52AEDC-0000-0000-0000-000000000000}.Debug|Any CPU.ActiveCfg = Debug|Any CPU
		{AF52AEDC-0000-0000-0000-000000000000}.Debug|Any CPU.Build.0 = Debug|Any CPU
		{AF52AEDC-0000-0000-0000-000000000000}.Release|Any CPU.ActiveCfg = Release|Any CPU
		{AF52AEDC-0000-0000-0000-000000000000}.Release|Any CPU.Build.0 = Release|Any CPU
		{6E64F01D-0000-0000-0000-000000000000}.Debug|Any CPU.ActiveCfg = Debug|Any CPU
		{6E64F01D-0000-0000-0000-000000000000}.Debug|Any CPU.Build.0 = Debug|Any CPU
		{6E64F01D-0000-0000-0000-000000000000}.Release|Any CPU.ActiveCfg = Release|Any CPU
		{6E64F01D-0000-0000-0000-000000000000}.Release|Any CPU.Build.0 = Release|Any CPU
		{8C618053-0000-0000-0000-000000000000}.Debug|Any CPU.ActiveCfg = Debug|Any CPU
		{8C618053-0000-0000-0000-000000000000}.Debug|Any CPU.Build.0 = Debug|Any CPU
		{8C618053-0000-0000-0000-000000000000}.Release|Any CPU.ActiveCfg = Release|Any CPU
		{8C618053-0000-0000-0000-000000000000}.Release|Any CPU.Build.0 = Release|Any CPU
	EndGlobalSection
	GlobalSection(SolutionProperties) = preSolution
		HideSolutionNode = FALSE
	EndGlobalSection
EndGlobal
